{
  "version": 1,
  "dependencies": {
    "net10.0": {
      "Azure.Identity": {
        "type": "Direct",
        "requested": "[1.12.0, )",
        "resolved": "1.12.0",
        "contentHash": "OBIM3aPz8n9oEO5fdnee+Vsc5Nl4W3FeslPpESyDiyByntQI5BAa76KD60eFXm9ulevnwxGZP9YXL8Y+paI5Uw==",
        "dependencies": {
          "Azure.Core": "1.40.0",
          "Microsoft.Identity.Client": "4.61.3",
          "Microsoft.Identity.Client.Extensions.Msal": "4.61.3",
          "System.Security.Cryptography.ProtectedData": "4.7.0"
        }
      },
      "Azure.Messaging.ServiceBus": {
        "type": "Direct",
        "requested": "[7.18.0, )",
        "resolved": "7.18.0",
        "contentHash": "3dmSOhoYxpgr7ZiYtW/81/7pFCrvUrXOoVA4nOBKzSlJOAwSi1XPiCEqTBwHDUd0WJxCkTYgXgim4HRm0v2gvg==",
        "dependencies": {
          "Azure.Core": "1.41.0",
          "Azure.Core.Amqp": "1.3.0",
          "Microsoft.Azure.Amqp": "2.6.7",
          "Microsoft.Bcl.AsyncInterfaces": "1.1.1",
          "System.Memory.Data": "1.0.2"
        }
      },
      "CsvHelper": {
        "type": "Direct",
        "requested": "[33.0.1, )",
        "resolved": "33.0.1",
        "contentHash": "fev4lynklAU2A9GVMLtwarkwaanjSYB4wUqO2nOJX5hnzObORzUqVLe+bDYCUyIIRQM4o5Bsq3CcyJR89iMmEQ=="
      },
      "Microsoft.Extensions.Configuration": {
        "type": "Direct",
        "requested": "[10.0.0, )",
        "resolved": "10.0.0",
        "contentHash": "H4SWETCh/cC5L1WtWchHR6LntGk3rDTTznZMssr4cL8IbDmMWBxY+MOGDc/ASnqNolLKPIWHWeuC1ddiL/iNPw==",
        "dependencies": {
          "Microsoft.Extensions.Configuration.Abstractions": "10.0.0",
          "Microsoft.Extensions.Primitives": "10.0.0"
        }
      },
      "Microsoft.Extensions.Configuration.Binder": {
        "type": "Direct",
        "requested": "[10.0.0, )",
        "resolved": "10.0.0",
        "contentHash": "tMF9wNh+hlyYDWB8mrFCQHQmWHlRosol1b/N2Jrefy1bFLnuTlgSYmPyHNmz8xVQgs7DpXytBRWxGhG+mSTp0g==",
        "dependencies": {
          "Microsoft.Extensions.Configuration": "10.0.0",
          "Microsoft.Extensions.Configuration.Abstractions": "10.0.0"
        }
      },
      "Microsoft.Extensions.DependencyInjection": {
        "type": "Direct",
        "requested": "[10.0.0, )",
        "resolved": "10.0.0",
        "contentHash": "f0RBabswJq+gRu5a+hWIobrLWiUYPKMhCD9WO3sYBAdSy3FFH14LMvLVFZc2kPSCimBLxSuitUhsd6tb0TAY6A==",
        "dependencies": {
          "Microsoft.Extensions.DependencyInjection.Abstractions": "10.0.0"
        }
      },
      "Microsoft.Extensions.Logging.Abstractions": {
        "type": "Direct",
        "requested": "[10.0.0, )",
        "resolved": "10.0.0",
        "contentHash": "FU/IfjDfwaMuKr414SSQNTIti/69bHEMb+QKrskRb26oVqpx3lNFXMjs/RC9ZUuhBhcwDM2BwOgoMw+PZ+beqQ==",
        "dependencies": {
          "Microsoft.Extensions.DependencyInjection.Abstractions": "10.0.0"
        }
      },
      "Microsoft.Extensions.Options": {
        "type": "Direct",
        "requested": "[10.0.0, )",
        "resolved": "10.0.0",
        "contentHash": "8oCAgXOow5XDrY9HaXX1QmH3ORsyZO/ANVHBlhLyCeWTH5Sg4UuqZeOTWJi6484M+LqSx0RqQXDJtdYy2BNiLQ==",
        "dependencies": {
          "Microsoft.Extensions.DependencyInjection.Abstractions": "10.0.0",
          "Microsoft.Extensions.Primitives": "10.0.0"
        }
      },
      "Newtonsoft.Json": {
        "type": "Direct",
        "requested": "[13.0.3, )",
        "resolved": "13.0.3",
        "contentHash": "HrC5BXdl00IP9zeV+0Z848QWPAoCr9P3bDEZguI+gkLcBKAOxix/tLEAAHC+UvDNPv4a2d18lOReHMOagPa+zQ=="
      },
      "StackExchange.Redis": {
        "type": "Direct",
        "requested": "[2.8.0, )",
        "resolved": "2.8.0",
        "contentHash": "MjAJ0ejH8zLhtuN5+Z+/I07NmPGdVuGEvE2+4xONQoFwgl+7vbQ/A6jlUgH9UkZb4s9Mu9QDyBq1TkRqQcOgTQ==",
        "dependencies": {
          "Microsoft.Extensions.Logging.Abstractions": "6.0.0",
          "Pipelines.Sockets.Unofficial": "2.2.8"
        }
      },
      "StyleCop.Analyzers": {
        "type": "Direct",
        "requested": "[1.2.0-beta.435, )",
        "resolved": "1.2.0-beta.435",
        "contentHash": "TADk7vdGXtfTnYCV7GyleaaRTQjfoSfZXprQrVMm7cSJtJbFc1QIbWPyLvrgrfGdfHbGmUPvaN4ODKNxg2jgPQ==",
        "dependencies": {
          "StyleCop.Analyzers.Unstable": "1.2.0.435"
        }
      },
      "Azure.Core": {
        "type": "Transitive",
        "resolved": "1.41.0",
        "contentHash": "7OO8rPCVSvXj2IQET3NkRf8hU2ZDCCvCIUhlrE089qkLNpNfWufJnBwHRKLAOWF3bhKBGJS/9hPBgjJ8kupUIg==",
        "dependencies": {
          "Microsoft.Bcl.AsyncInterfaces": "1.1.1",
          "System.ClientModel": "1.0.0",
          "System.Memory.Data": "1.0.2"
        }
      },
      "Azure.Core.Amqp": {
        "type": "Transitive",
        "resolved": "1.3.0",
        "contentHash": "6GG4gyFkAuHtpBVkvj0wE5+lCM+ttsZlIWAipBkI+jlCUlTgrTiNUROBFnb8xuKoymVDw9Tf1W8RoKqgbd71lg==",
        "dependencies": {
          "Microsoft.Azure.Amqp": "2.6.1",
          "System.Memory.Data": "1.0.2"
        }
      },
      "Azure.Storage.Blobs": {
        "type": "Transitive",
        "resolved": "12.21.1",
        "contentHash": "j0+6k/DHmSQROQTR2DlKvCzt5FzCoivmOLX3N2kXMPlWL/kvVckOPzlHpTIJaHrOXEHH4Y1LUe4QHMMTAISAWg==",
        "dependencies": {
          "Azure.Storage.Common": "12.20.1"
        }
      },
      "Azure.Storage.Common": {
        "type": "Transitive",
        "resolved": "12.20.1",
        "contentHash": "KKBFnc4WZ6m9HgsKgwfO1cIxd154b8cAnP3uWhuelvFkzxqBXQQgIsHF0n3DYBG2AoTJCZDXwJpKuVC7CsKJWg==",
        "dependencies": {
          "Azure.Core": "1.41.0",
          "System.IO.Hashing": "6.0.0"
        }
      },
      "Microsoft.Azure.Amqp": {
        "type": "Transitive",
        "resolved": "2.6.7",
        "contentHash": "AR0zs1xlNvwN2nKdwPOFKJQpSTEOlxyGxUJtXyLOWTypP5XtTfShCfENkKwXZa+xIW6dzhY1t+zoI/PvMH1dxQ=="
      },
      "Microsoft.Bcl.AsyncInterfaces": {
        "type": "Transitive",
        "resolved": "1.1.1",
        "contentHash": "yuvf07qFWFqtK3P/MRkEKLhn5r2UbSpVueRziSqj0yJQIKFwG1pq9mOayK3zE5qZCTs0CbrwL9M6R8VwqyGy2w=="
      },
      "Microsoft.Extensions.Configuration.Abstractions": {
        "type": "Transitive",
        "resolved": "10.0.0",
        "contentHash": "d2kDKnCsJvY7mBVhcjPSp9BkJk48DsaHPg5u+Oy4f8XaOqnEedRy/USyvnpHL92wpJ6DrTPy7htppUUzskbCXQ==",
        "dependencies": {
          "Microsoft.Extensions.Primitives": "10.0.0"
        }
      },
      "Microsoft.Extensions.DependencyInjection.Abstractions": {
        "type": "Transitive",
        "resolved": "10.0.0",
        "contentHash": "L3AdmZ1WOK4XXT5YFPEwyt0ep6l8lGIPs7F5OOBZc77Zqeo01Of7XXICy47628sdVl0v/owxYJTe86DTgFwKCA=="
      },
      "Microsoft.Extensions.Primitives": {
        "type": "Transitive",
        "resolved": "10.0.0",
        "contentHash": "inRnbpCS0nwO/RuoZIAqxQUuyjaknOOnCEZB55KSMMjRhl0RQDttSmLSGsUJN3RQ3ocf5NDLFd2mOQViHqMK5w=="
      },
      "Microsoft.Identity.Client": {
        "type": "Transitive",
        "resolved": "4.61.3",
        "contentHash": "naJo/Qm35Caaoxp5utcw+R8eU8ZtLz2ALh8S+gkekOYQ1oazfCQMWVT4NJ/FnHzdIJlm8dMz0oMpMGCabx5odA==",
        "dependencies": {
          "Microsoft.IdentityModel.Abstractions": "6.35.0"
        }
      },
      "Microsoft.Identity.Client.Extensions.Msal": {
        "type": "Transitive",
        "resolved": "4.61.3",
        "contentHash": "PWnJcznrSGr25MN8ajlc2XIDW4zCFu0U6FkpaNLEWLgd1NgFCp5uDY3mqLDgM8zCN8hqj8yo5wHYfLB2HjcdGw==",
        "dependencies": {
          "Microsoft.Identity.Client": "4.61.3",
          "System.Security.Cryptography.ProtectedData": "4.5.0"
        }
      },
      "Microsoft.IdentityModel.Abstractions": {
        "type": "Transitive",
        "resolved": "6.35.0",
        "contentHash": "xuR8E4Rd96M41CnUSCiOJ2DBh+z+zQSmyrYHdYhD6K4fXBcQGVnRCFQ0efROUYpP+p0zC1BLKr0JRpVuujTZSg=="
      },
      "Pipelines.Sockets.Unofficial": {
        "type": "Transitive",
        "resolved": "2.2.8",
        "contentHash": "zG2FApP5zxSx6OcdJQLbZDk2AVlN2BNQD6MorwIfV6gVj0RRxWPEp2LXAxqDGZqeNV1Zp0BNPcNaey/GXmTdvQ=="
      },
      "StyleCop.Analyzers.Unstable": {
        "type": "Transitive",
        "resolved": "1.2.0.435",
        "contentHash": "ouwPWZxbOV3SmCZxIRqHvljkSzkCyi1tDoMzQtDb/bRP8ctASV/iRJr+A2Gdj0QLaLmWnqTWDrH82/iP+X80Lg=="
      },
      "System.ClientModel": {
        "type": "Transitive",
        "resolved": "1.0.0",
        "contentHash": "I3CVkvxeqFYjIVEP59DnjbeoGNfo/+SZrCLpRz2v/g0gpCHaEMPtWSY0s9k/7jR1rAsLNg2z2u1JRB76tPjnIw==",
        "dependencies": {
          "System.Memory.Data": "1.0.2"
        }
      },
      "System.IO.Hashing": {
        "type": "Transitive",
        "resolved": "6.0.0",
        "contentHash": "Rfm2jYCaUeGysFEZjDe7j1R4x6Z6BzumS/vUT5a1AA/AWJuGX71PoGB0RmpyX3VmrGqVnAwtfMn39OHR8Y/5+g=="
      },
      "System.Memory.Data": {
        "type": "Transitive",
        "resolved": "1.0.2",
        "contentHash": "JGkzeqgBsiZwKJZ1IxPNsDFZDhUvuEdX8L8BDC8N3KOj+6zMcNU28CNN59TpZE/VJYy9cP+5M+sbxtWJx3/xtw=="
      },
      "System.Security.Cryptography.ProtectedData": {
        "type": "Transitive",
        "resolved": "4.7.0",
        "contentHash": "ehYW0m9ptxpGWvE4zgqongBVWpSDU/JCFD4K7krxkQwSz/sFQjEXCUqpvencjy6DYDbn7Ig09R8GFffu8TtneQ=="
      },
      "submissionchecksplitter.data": {
        "type": "Project",
        "dependencies": {
          "Azure.Storage.Blobs": "[12.21.1, )",
          "CsvHelper": "[33.0.1, )"
        }
      }
    }
  }
}